{
  "name": "server",
  "version": "1.0.0",
  "lockfileVersion": 1,
  "requires": true,
  "dependencies": {
    "@scriptserver/core": {
      "version": "2.0.4",
      "resolved": "https://registry.npmjs.org/@scriptserver/core/-/core-2.0.4.tgz",
      "integrity": "sha512-PcoJHDJNWsbRs21XWCDOgUo79cfLDAmzRoLyE17HYmNPsXslf5NeUenX4Fmv9965+xKCfE8fAcoY4n7yGH7q+A==",
      "requires": {
        "lodash.defaultsdeep": "^4.6.1",
        "lodash.get": "^4.4.2"
      }
    },
    "lodash.defaultsdeep": {
      "version": "4.6.1",
      "resolved": "https://registry.npmjs.org/lodash.defaultsdeep/-/lodash.defaultsdeep-4.6.1.tgz",
      "integrity": "sha512-3j8wdDzYuWO3lM3Reg03MuQR957t287Rpcxp1njpEa8oDrikb+FwGdW3n+FELh/A6qib6yPit0j/pv9G/yeAqA=="
    },
    "lodash.get": {
      "version": "4.4.2",
      "resolved": "https://registry.npmjs.org/lodash.get/-/lodash.get-4.4.2.tgz",
      "integrity": "sha512-z+Uw/vLuy6gQe8cfaFWD7p0wVv8fJl3mbzXh33RS+0oW2wvUqiRXiQ69gLWSLpgB5/6sU+r6BlQR0MBILadqTQ=="
    }
  }
}
